
Microsoft Visual Studio Solution File, Format Version 12.00
# Visual Studio Version 16
VisualStudioVersion = 16.0.33423.256
MinimumVisualStudioVersion = 10.0.40219.1
Project("{FAE04EC0-301F-11D3-BF4B-00C04F79EFBC}") = "prob3", "prob3\prob3.csproj", "{DE3D8016-2A37-4178-8111-69A855E35D6F}"
EndProject
Global
	GlobalSection(SolutionConfigurationPlatforms) = preSolution
		Debug|Any CPU = Debug|Any CPU
		Release|Any CPU = Release|Any CPU
	EndGlobalSection
	GlobalSection(ProjectConfigurationPlatforms) = postSolution
		{DE3D8016-2A37-4178-8111-69A855E35D6F}.Debug|Any CPU.ActiveCfg = Debug|Any CPU
		{DE3D8016-2A37-4178-8111-69A855E35D6F}.Debug|Any CPU.Build.0 = Debug|Any CPU
		{DE3D8016-2A37-4178-8111-69A855E35D6F}.Release|Any CPU.ActiveCfg = Release|Any CPU
		{DE3D8016-2A37-4178-8111-69A855E35D6F}.Release|Any CPU.Build.0 = Release|Any CPU
	EndGlobalSection
	GlobalSection(SolutionProperties) = preSolution
		HideSolutionNode = FALSE
	EndGlobalSection
	GlobalSection(ExtensibilityGlobals) = postSolution
		SolutionGuid = {0AFD8F15-045B-4B8C-8DE2-64B06C66FCBE}
	EndGlobalSection
EndGlobal
