
Microsoft Visual Studio Solution File, Format Version 12.00
# Visual Studio Version 16
VisualStudioVersion = 16.0.33423.256
MinimumVisualStudioVersion = 10.0.40219.1
Project("{FAE04EC0-301F-11D3-BF4B-00C04F79EFBC}") = "task2", "task2\task2.csproj", "{B9D911B9-E096-434F-AD8B-4BD3160CE48E}"
EndProject
Global
	GlobalSection(SolutionConfigurationPlatforms) = preSolution
		Debug|Any CPU = Debug|Any CPU
		Release|Any CPU = Release|Any CPU
	EndGlobalSection
	GlobalSection(ProjectConfigurationPlatforms) = postSolution
		{B9D911B9-E096-434F-AD8B-4BD3160CE48E}.Debug|Any CPU.ActiveCfg = Debug|Any CPU
		{B9D911B9-E096-434F-AD8B-4BD3160CE48E}.Debug|Any CPU.Build.0 = Debug|Any CPU
		{B9D911B9-E096-434F-AD8B-4BD3160CE48E}.Release|Any CPU.ActiveCfg = Release|Any CPU
		{B9D911B9-E096-434F-AD8B-4BD3160CE48E}.Release|Any CPU.Build.0 = Release|Any CPU
	EndGlobalSection
	GlobalSection(SolutionProperties) = preSolution
		HideSolutionNode = FALSE
	EndGlobalSection
	GlobalSection(ExtensibilityGlobals) = postSolution
		SolutionGuid = {4DE6997B-1715-4792-8C05-C8C77F4A746C}
	EndGlobalSection
EndGlobal
